
Microsoft Visual Studio Solution File, Format Version 12.00
# Visual Studio Version 16
VisualStudioVersion = 16.0.34301.259
MinimumVisualStudioVersion = 10.0.40219.1
Project("{FAE04EC0-301F-11D3-BF4B-00C04F79EFBC}") = "TravelRecordApp.Android", "TravelRecordApp\TravelRecordApp.Android\TravelRecordApp.Android.csproj", "{51BB1797-F42F-403B-8033-3920AFDB8F06}"
EndProject
Project("{FAE04EC0-301F-11D3-BF4B-00C04F79EFBC}") = "TravelRecordApp.iOS", "TravelRecordApp\TravelRecordApp.iOS\TravelRecordApp.iOS.csproj", "{D1215D2B-5AAE-4653-88A4-28F83C34BCFB}"
EndProject
Project("{FAE04EC0-301F-11D3-BF4B-00C04F79EFBC}") = "TravelRecordApp", "TravelRecordApp\TravelRecordApp\TravelRecordApp.csproj", "{0C4AF2E2-3917-4533-AA69-890BE2AA07F0}"
EndProject
Global
	GlobalSection(SolutionConfigurationPlatforms) = preSolution
		Debug|Any CPU = Debug|Any CPU
		Debug|iPhone = Debug|iPhone
		Debug|iPhoneSimulator = Debug|iPhoneSimulator
		Release|Any CPU = Release|Any CPU
		Release|iPhone = Release|iPhone
		Release|iPhoneSimulator = Release|iPhoneSimulator
	EndGlobalSection
	GlobalSection(ProjectConfigurationPlatforms) = postSolution
		{51BB1797-F42F-403B-8033-3920AFDB8F06}.Debug|Any CPU.ActiveCfg = Debug|Any CPU
		{51BB1797-F42F-403B-8033-3920AFDB8F06}.Debug|Any CPU.Build.0 = Debug|Any CPU
		{51BB1797-F42F-403B-8033-3920AFDB8F06}.Debug|Any CPU.Deploy.0 = Debug|Any CPU
		{51BB1797-F42F-403B-8033-3920AFDB8F06}.Debug|iPhone.ActiveCfg = Debug|Any CPU
		{51BB1797-F42F-403B-8033-3920AFDB8F06}.Debug|iPhone.Build.0 = Debug|Any CPU
		{51BB1797-F42F-403B-8033-3920AFDB8F06}.Debug|iPhone.Deploy.0 = Debug|Any CPU
		{51BB1797-F42F-403B-8033-3920AFDB8F06}.Debug|iPhoneSimulator.ActiveCfg = Debug|Any CPU
		{51BB1797-F42F-403B-8033-3920AFDB8F06}.Debug|iPhoneSimulator.Build.0 = Debug|Any CPU
		{51BB1797-F42F-403B-8033-3920AFDB8F06}.Debug|iPhoneSimulator.Deploy.0 = Debug|Any CPU
		{51BB1797-F42F-403B-8033-3920AFDB8F06}.Release|Any CPU.ActiveCfg = Release|Any CPU
		{51BB1797-F42F-403B-8033-3920AFDB8F06}.Release|Any CPU.Build.0 = Release|Any CPU
		{51BB1797-F42F-403B-8033-3920AFDB8F06}.Release|Any CPU.Deploy.0 = Release|Any CPU
		{51BB1797-F42F-403B-8033-3920AFDB8F06}.Release|iPhone.ActiveCfg = Release|Any CPU
		{51BB1797-F42F-403B-8033-3920AFDB8F06}.Release|iPhone.Build.0 = Release|Any CPU
		{51BB1797-F42F-403B-8033-3920AFDB8F06}.Release|iPhone.Deploy.0 = Release|Any CPU
		{51BB1797-F42F-403B-8033-3920AFDB8F06}.Release|iPhoneSimulator.ActiveCfg = Release|Any CPU
		{51BB1797-F42F-403B-8033-3920AFDB8F06}.Release|iPhoneSimulator.Build.0 = Release|Any CPU
		{51BB1797-F42F-403B-8033-3920AFDB8F06}.Release|iPhoneSimulator.Deploy.0 = Release|Any CPU
		{D1215D2B-5AAE-4653-88A4-28F83C34BCFB}.Debug|Any CPU.ActiveCfg = Debug|iPhone
		{D1215D2B-5AAE-4653-88A4-28F83C34BCFB}.Debug|Any CPU.Build.0 = Debug|iPhone
		{D1215D2B-5AAE-4653-88A4-28F83C34BCFB}.Debug|Any CPU.Deploy.0 = Debug|iPhone
		{D1215D2B-5AAE-4653-88A4-28F83C34BCFB}.Debug|iPhone.ActiveCfg = Debug|iPhone
		{D1215D2B-5AAE-4653-88A4-28F83C34BCFB}.Debug|iPhone.Build.0 = Debug|iPhone
		{D1215D2B-5AAE-4653-88A4-28F83C34BCFB}.Debug|iPhone.Deploy.0 = Debug|iPhone
		{D1215D2B-5AAE-4653-88A4-28F83C34BCFB}.Debug|iPhoneSimulator.ActiveCfg = Debug|iPhoneSimulator
		{D1215D2B-5AAE-4653-88A4-28F83C34BCFB}.Debug|iPhoneSimulator.Build.0 = Debug|iPhoneSimulator
		{D1215D2B-5AAE-4653-88A4-28F83C34BCFB}.Debug|iPhoneSimulator.Deploy.0 = Debug|iPhoneSimulator
		{D1215D2B-5AAE-4653-88A4-28F83C34BCFB}.Release|Any CPU.ActiveCfg = Release|iPhoneSimulator
		{D1215D2B-5AAE-4653-88A4-28F83C34BCFB}.Release|Any CPU.Build.0 = Release|iPhoneSimulator
		{D1215D2B-5AAE-4653-88A4-28F83C34BCFB}.Release|Any CPU.Deploy.0 = Release|iPhoneSimulator
		{D1215D2B-5AAE-4653-88A4-28F83C34BCFB}.Release|iPhone.ActiveCfg = Release|iPhone
		{D1215D2B-5AAE-4653-88A4-28F83C34BCFB}.Release|iPhone.Build.0 = Release|iPhone
		{D1215D2B-5AAE-4653-88A4-28F83C34BCFB}.Release|iPhone.Deploy.0 = Release|iPhone
		{D1215D2B-5AAE-4653-88A4-28F83C34BCFB}.Release|iPhoneSimulator.ActiveCfg = Release|iPhoneSimulator
		{D1215D2B-5AAE-4653-88A4-28F83C34BCFB}.Release|iPhoneSimulator.Build.0 = Release|iPhoneSimulator
		{D1215D2B-5AAE-4653-88A4-28F83C34BCFB}.Release|iPhoneSimulator.Deploy.0 = Release|iPhoneSimulator
		{0C4AF2E2-3917-4533-AA69-890BE2AA07F0}.Debug|Any CPU.ActiveCfg = Debug|Any CPU
		{0C4AF2E2-3917-4533-AA69-890BE2AA07F0}.Debug|Any CPU.Build.0 = Debug|Any CPU
		{0C4AF2E2-3917-4533-AA69-890BE2AA07F0}.Debug|Any CPU.Deploy.0 = Debug|Any CPU
		{0C4AF2E2-3917-4533-AA69-890BE2AA07F0}.Debug|iPhone.ActiveCfg = Debug|Any CPU
		{0C4AF2E2-3917-4533-AA69-890BE2AA07F0}.Debug|iPhone.Build.0 = Debug|Any CPU
		{0C4AF2E2-3917-4533-AA69-890BE2AA07F0}.Debug|iPhone.Deploy.0 = Debug|Any CPU
		{0C4AF2E2-3917-4533-AA69-890BE2AA07F0}.Debug|iPhoneSimulator.ActiveCfg = Debug|Any CPU
		{0C4AF2E2-3917-4533-AA69-890BE2AA07F0}.Debug|iPhoneSimulator.Build.0 = Debug|Any CPU
		{0C4AF2E2-3917-4533-AA69-890BE2AA07F0}.Debug|iPhoneSimulator.Deploy.0 = Debug|Any CPU
		{0C4AF2E2-3917-4533-AA69-890BE2AA07F0}.Release|Any CPU.ActiveCfg = Release|Any CPU
		{0C4AF2E2-3917-4533-AA69-890BE2AA07F0}.Release|Any CPU.Build.0 = Release|Any CPU
		{0C4AF2E2-3917-4533-AA69-890BE2AA07F0}.Release|Any CPU.Deploy.0 = Release|Any CPU
		{0C4AF2E2-3917-4533-AA69-890BE2AA07F0}.Release|iPhone.ActiveCfg = Release|Any CPU
		{0C4AF2E2-3917-4533-AA69-890BE2AA07F0}.Release|iPhone.Build.0 = Release|Any CPU
		{0C4AF2E2-3917-4533-AA69-890BE2AA07F0}.Release|iPhone.Deploy.0 = Release|Any CPU
		{0C4AF2E2-3917-4533-AA69-890BE2AA07F0}.Release|iPhoneSimulator.ActiveCfg = Release|Any CPU
		{0C4AF2E2-3917-4533-AA69-890BE2AA07F0}.Release|iPhoneSimulator.Build.0 = Release|Any CPU
		{0C4AF2E2-3917-4533-AA69-890BE2AA07F0}.Release|iPhoneSimulator.Deploy.0 = Release|Any CPU
	EndGlobalSection
	GlobalSection(SolutionProperties) = preSolution
		HideSolutionNode = FALSE
	EndGlobalSection
	GlobalSection(ExtensibilityGlobals) = postSolution
		SolutionGuid = {09797A69-4DED-4A7D-BFC5-24B158FBE642}
	EndGlobalSection
EndGlobal
